
Microsoft Visual Studio Solution File, Format Version 12.00
# Visual Studio Version 17
VisualStudioVersion = 17.14.36414.22 d17.14
MinimumVisualStudioVersion = 10.0.40219.1
Project("{FAE04EC0-301F-11D3-BF4B-00C04F79EFBC}") = "pryDelgado_GestionRepuestos", "pryDelgado_GestionRepuestos.csproj", "{B69BF317-DEFF-4A31-827F-F60E395922AE}"
EndProject
Global
	GlobalSection(SolutionConfigurationPlatforms) = preSolution
		Debug|Any CPU = Debug|Any CPU
		Release|Any CPU = Release|Any CPU
	EndGlobalSection
	GlobalSection(ProjectConfigurationPlatforms) = postSolution
		{B69BF317-DEFF-4A31-827F-F60E395922AE}.Debug|Any CPU.ActiveCfg = Debug|Any CPU
		{B69BF317-DEFF-4A31-827F-F60E395922AE}.Debug|Any CPU.Build.0 = Debug|Any CPU
		{B69BF317-DEFF-4A31-827F-F60E395922AE}.Release|Any CPU.ActiveCfg = Release|Any CPU
		{B69BF317-DEFF-4A31-827F-F60E395922AE}.Release|Any CPU.Build.0 = Release|Any CPU
	EndGlobalSection
	GlobalSection(SolutionProperties) = preSolution
		HideSolutionNode = FALSE
	EndGlobalSection
	GlobalSection(ExtensibilityGlobals) = postSolution
		SolutionGuid = {DCB9C928-A7ED-42E3-AAE9-66E8E5960672}
	EndGlobalSection
EndGlobal
